// !$*UTF8*$!
{
	archiveVersion = 1;
	classes = {
	};
	objectVersion = 46;
	objects = {

/* Begin PBXBuildFile section */
		8EE45226B3A1AB702FA5D638 /* Pods_HokutosaiNewsUp2016.framework in Frameworks */ = {isa = PBXBuildFile; fileRef = 57477C83985456C469B8703B /* Pods_HokutosaiNewsUp2016.framework */; };
		A7E258A91CEC4D5600923235 /* AppDelegate.swift in Sources */ = {isa = PBXBuildFile; fileRef = A7E258A81CEC4D5600923235 /* AppDelegate.swift */; };
		A7E258B01CEC4D5600923235 /* Assets.xcassets in Resources */ = {isa = PBXBuildFile; fileRef = A7E258AF1CEC4D5600923235 /* Assets.xcassets */; };
		A7E258B31CEC4D5600923235 /* LaunchScreen.storyboard in Resources */ = {isa = PBXBuildFile; fileRef = A7E258B11CEC4D5600923235 /* LaunchScreen.storyboard */; };
		A7E258BE1CEC4D5600923235 /* HokutosaiNewsUp2016Tests.swift in Sources */ = {isa = PBXBuildFile; fileRef = A7E258BD1CEC4D5600923235 /* HokutosaiNewsUp2016Tests.swift */; };
		A7E258C91CEC4D5600923235 /* HokutosaiNewsUp2016UITests.swift in Sources */ = {isa = PBXBuildFile; fileRef = A7E258C81CEC4D5600923235 /* HokutosaiNewsUp2016UITests.swift */; };
		A7E258DC1CEDA09000923235 /* NetworkResource.swift in Sources */ = {isa = PBXBuildFile; fileRef = A7E258DB1CEDA09000923235 /* NetworkResource.swift */; };
		A7E258E01CEDA0D700923235 /* Endpoint.swift in Sources */ = {isa = PBXBuildFile; fileRef = A7E258DD1CEDA0D700923235 /* Endpoint.swift */; };
		A7E258E11CEDA0D700923235 /* HttpResponse.swift in Sources */ = {isa = PBXBuildFile; fileRef = A7E258DE1CEDA0D700923235 /* HttpResponse.swift */; };
		A7E258E21CEDA0D700923235 /* REST.swift in Sources */ = {isa = PBXBuildFile; fileRef = A7E258DF1CEDA0D700923235 /* REST.swift */; };
		A7E258E51CEDA2C600923235 /* HokutosaiApi.swift in Sources */ = {isa = PBXBuildFile; fileRef = A7E258E31CEDA2C600923235 /* HokutosaiApi.swift */; };
		A7E258E61CEDA2C600923235 /* HokutosaiApiEndpoint.swift in Sources */ = {isa = PBXBuildFile; fileRef = A7E258E41CEDA2C600923235 /* HokutosaiApiEndpoint.swift */; };
		A7E258EA1CEDA40400923235 /* HokutosaiApiError.swift in Sources */ = {isa = PBXBuildFile; fileRef = A7E258E81CEDA40400923235 /* HokutosaiApiError.swift */; };
		A7E258EB1CEDA40400923235 /* HokutosaiApiStatus.swift in Sources */ = {isa = PBXBuildFile; fileRef = A7E258E91CEDA40400923235 /* HokutosaiApiStatus.swift */; };
		A7E258EE1CEDA7DB00923235 /* Article.swift in Sources */ = {isa = PBXBuildFile; fileRef = A7E258ED1CEDA7DB00923235 /* Article.swift */; };
		A7E258F01CEDA88E00923235 /* UploadingArticle.swift in Sources */ = {isa = PBXBuildFile; fileRef = A7E258EF1CEDA88E00923235 /* UploadingArticle.swift */; };
		A7E258F51CEDA9CC00923235 /* Media.swift in Sources */ = {isa = PBXBuildFile; fileRef = A7E258F41CEDA9CC00923235 /* Media.swift */; };
		A7E258FA1CEDAB5E00923235 /* ExhibitionItem.swift in Sources */ = {isa = PBXBuildFile; fileRef = A7E258F91CEDAB5E00923235 /* ExhibitionItem.swift */; };
		A7E258FC1CEDAB7C00923235 /* ShopItem.swift in Sources */ = {isa = PBXBuildFile; fileRef = A7E258FB1CEDAB7C00923235 /* ShopItem.swift */; };
		A7E258FE1CEDAB9100923235 /* EventItem.swift in Sources */ = {isa = PBXBuildFile; fileRef = A7E258FD1CEDAB9100923235 /* EventItem.swift */; };
		A7E259011CEDABDE00923235 /* HokutosaiDateTransform.swift in Sources */ = {isa = PBXBuildFile; fileRef = A7E259001CEDABDE00923235 /* HokutosaiDateTransform.swift */; };
		A7E259051CEDAD2600923235 /* NewsTableViewCell.swift in Sources */ = {isa = PBXBuildFile; fileRef = A7E259031CEDAD2600923235 /* NewsTableViewCell.swift */; };
		A7E259061CEDAD2600923235 /* NewsTableViewCellContent.xib in Resources */ = {isa = PBXBuildFile; fileRef = A7E259041CEDAD2600923235 /* NewsTableViewCellContent.xib */; };
/* End PBXBuildFile section */

/* Begin PBXContainerItemProxy section */
		A7E258BA1CEC4D5600923235 /* PBXContainerItemProxy */ = {
			isa = PBXContainerItemProxy;
			containerPortal = A7E2589D1CEC4D5600923235 /* Project object */;
			proxyType = 1;
			remoteGlobalIDString = A7E258A41CEC4D5600923235;
			remoteInfo = HokutosaiNewsUp2016;
		};
		A7E258C51CEC4D5600923235 /* PBXContainerItemProxy */ = {
			isa = PBXContainerItemProxy;
			containerPortal = A7E2589D1CEC4D5600923235 /* Project object */;
			proxyType = 1;
			remoteGlobalIDString = A7E258A41CEC4D5600923235;
			remoteInfo = HokutosaiNewsUp2016;
		};
/* End PBXContainerItemProxy section */

/* Begin PBXFileReference section */
		57477C83985456C469B8703B /* Pods_HokutosaiNewsUp2016.framework */ = {isa = PBXFileReference; explicitFileType = wrapper.framework; includeInIndex = 0; path = Pods_HokutosaiNewsUp2016.framework; sourceTree = BUILT_PRODUCTS_DIR; };
		A7E258A51CEC4D5600923235 /* HokutosaiNewsUp2016.app */ = {isa = PBXFileReference; explicitFileType = wrapper.application; includeInIndex = 0; path = HokutosaiNewsUp2016.app; sourceTree = BUILT_PRODUCTS_DIR; };
		A7E258A81CEC4D5600923235 /* AppDelegate.swift */ = {isa = PBXFileReference; lastKnownFileType = sourcecode.swift; path = AppDelegate.swift; sourceTree = "<group>"; };
		A7E258AF1CEC4D5600923235 /* Assets.xcassets */ = {isa = PBXFileReference; lastKnownFileType = folder.assetcatalog; path = Assets.xcassets; sourceTree = "<group>"; };
		A7E258B21CEC4D5600923235 /* Base */ = {isa = PBXFileReference; lastKnownFileType = file.storyboard; name = Base; path = Base.lproj/LaunchScreen.storyboard; sourceTree = "<group>"; };
		A7E258B41CEC4D5600923235 /* Info.plist */ = {isa = PBXFileReference; lastKnownFileType = text.plist.xml; path = Info.plist; sourceTree = "<group>"; };
		A7E258B91CEC4D5600923235 /* HokutosaiNewsUp2016Tests.xctest */ = {isa = PBXFileReference; explicitFileType = wrapper.cfbundle; includeInIndex = 0; path = HokutosaiNewsUp2016Tests.xctest; sourceTree = BUILT_PRODUCTS_DIR; };
		A7E258BD1CEC4D5600923235 /* HokutosaiNewsUp2016Tests.swift */ = {isa = PBXFileReference; lastKnownFileType = sourcecode.swift; path = HokutosaiNewsUp2016Tests.swift; sourceTree = "<group>"; };
		A7E258BF1CEC4D5600923235 /* Info.plist */ = {isa = PBXFileReference; lastKnownFileType = text.plist.xml; path = Info.plist; sourceTree = "<group>"; };
		A7E258C41CEC4D5600923235 /* HokutosaiNewsUp2016UITests.xctest */ = {isa = PBXFileReference; explicitFileType = wrapper.cfbundle; includeInIndex = 0; path = HokutosaiNewsUp2016UITests.xctest; sourceTree = BUILT_PRODUCTS_DIR; };
		A7E258C81CEC4D5600923235 /* HokutosaiNewsUp2016UITests.swift */ = {isa = PBXFileReference; lastKnownFileType = sourcecode.swift; path = HokutosaiNewsUp2016UITests.swift; sourceTree = "<group>"; };
		A7E258CA1CEC4D5600923235 /* Info.plist */ = {isa = PBXFileReference; lastKnownFileType = text.plist.xml; path = Info.plist; sourceTree = "<group>"; };
		A7E258DB1CEDA09000923235 /* NetworkResource.swift */ = {isa = PBXFileReference; fileEncoding = 4; lastKnownFileType = sourcecode.swift; path = NetworkResource.swift; sourceTree = "<group>"; };
		A7E258DD1CEDA0D700923235 /* Endpoint.swift */ = {isa = PBXFileReference; fileEncoding = 4; lastKnownFileType = sourcecode.swift; path = Endpoint.swift; sourceTree = "<group>"; };
		A7E258DE1CEDA0D700923235 /* HttpResponse.swift */ = {isa = PBXFileReference; fileEncoding = 4; lastKnownFileType = sourcecode.swift; path = HttpResponse.swift; sourceTree = "<group>"; };
		A7E258DF1CEDA0D700923235 /* REST.swift */ = {isa = PBXFileReference; fileEncoding = 4; lastKnownFileType = sourcecode.swift; path = REST.swift; sourceTree = "<group>"; };
		A7E258E31CEDA2C600923235 /* HokutosaiApi.swift */ = {isa = PBXFileReference; fileEncoding = 4; lastKnownFileType = sourcecode.swift; path = HokutosaiApi.swift; sourceTree = "<group>"; };
		A7E258E41CEDA2C600923235 /* HokutosaiApiEndpoint.swift */ = {isa = PBXFileReference; fileEncoding = 4; lastKnownFileType = sourcecode.swift; path = HokutosaiApiEndpoint.swift; sourceTree = "<group>"; };
		A7E258E81CEDA40400923235 /* HokutosaiApiError.swift */ = {isa = PBXFileReference; fileEncoding = 4; lastKnownFileType = sourcecode.swift; path = HokutosaiApiError.swift; sourceTree = "<group>"; };
		A7E258E91CEDA40400923235 /* HokutosaiApiStatus.swift */ = {isa = PBXFileReference; fileEncoding = 4; lastKnownFileType = sourcecode.swift; path = HokutosaiApiStatus.swift; sourceTree = "<group>"; };
		A7E258ED1CEDA7DB00923235 /* Article.swift */ = {isa = PBXFileReference; fileEncoding = 4; lastKnownFileType = sourcecode.swift; path = Article.swift; sourceTree = "<group>"; };
		A7E258EF1CEDA88E00923235 /* UploadingArticle.swift */ = {isa = PBXFileReference; fileEncoding = 4; lastKnownFileType = sourcecode.swift; path = UploadingArticle.swift; sourceTree = "<group>"; };
		A7E258F41CEDA9CC00923235 /* Media.swift */ = {isa = PBXFileReference; fileEncoding = 4; lastKnownFileType = sourcecode.swift; path = Media.swift; sourceTree = "<group>"; };
		A7E258F91CEDAB5E00923235 /* ExhibitionItem.swift */ = {isa = PBXFileReference; fileEncoding = 4; lastKnownFileType = sourcecode.swift; path = ExhibitionItem.swift; sourceTree = "<group>"; };
		A7E258FB1CEDAB7C00923235 /* ShopItem.swift */ = {isa = PBXFileReference; fileEncoding = 4; lastKnownFileType = sourcecode.swift; path = ShopItem.swift; sourceTree = "<group>"; };
		A7E258FD1CEDAB9100923235 /* EventItem.swift */ = {isa = PBXFileReference; fileEncoding = 4; lastKnownFileType = sourcecode.swift; path = EventItem.swift; sourceTree = "<group>"; };
		A7E259001CEDABDE00923235 /* HokutosaiDateTransform.swift */ = {isa = PBXFileReference; fileEncoding = 4; lastKnownFileType = sourcecode.swift; path = HokutosaiDateTransform.swift; sourceTree = "<group>"; };
		A7E259031CEDAD2600923235 /* NewsTableViewCell.swift */ = {isa = PBXFileReference; fileEncoding = 4; lastKnownFileType = sourcecode.swift; path = NewsTableViewCell.swift; sourceTree = "<group>"; };
		A7E259041CEDAD2600923235 /* NewsTableViewCellContent.xib */ = {isa = PBXFileReference; fileEncoding = 4; lastKnownFileType = file.xib; path = NewsTableViewCellContent.xib; sourceTree = "<group>"; };
		CBB49291EBF31E2C570A7DCD /* Pods-HokutosaiNewsUp2016.release.xcconfig */ = {isa = PBXFileReference; includeInIndex = 1; lastKnownFileType = text.xcconfig; name = "Pods-HokutosaiNewsUp2016.release.xcconfig"; path = "Pods/Target Support Files/Pods-HokutosaiNewsUp2016/Pods-HokutosaiNewsUp2016.release.xcconfig"; sourceTree = "<group>"; };
		CFCBFC3C91F5D23F7381CE62 /* Pods-HokutosaiNewsUp2016.debug.xcconfig */ = {isa = PBXFileReference; includeInIndex = 1; lastKnownFileType = text.xcconfig; name = "Pods-HokutosaiNewsUp2016.debug.xcconfig"; path = "Pods/Target Support Files/Pods-HokutosaiNewsUp2016/Pods-HokutosaiNewsUp2016.debug.xcconfig"; sourceTree = "<group>"; };
/* End PBXFileReference section */

/* Begin PBXFrameworksBuildPhase section */
		A7E258A21CEC4D5600923235 /* Frameworks */ = {
			isa = PBXFrameworksBuildPhase;
			buildActionMask = 2147483647;
			files = (
				8EE45226B3A1AB702FA5D638 /* Pods_HokutosaiNewsUp2016.framework in Frameworks */,
			);
			runOnlyForDeploymentPostprocessing = 0;
		};
		A7E258B61CEC4D5600923235 /* Frameworks */ = {
			isa = PBXFrameworksBuildPhase;
			buildActionMask = 2147483647;
			files = (
			);
			runOnlyForDeploymentPostprocessing = 0;
		};
		A7E258C11CEC4D5600923235 /* Frameworks */ = {
			isa = PBXFrameworksBuildPhase;
			buildActionMask = 2147483647;
			files = (
			);
			runOnlyForDeploymentPostprocessing = 0;
		};
/* End PBXFrameworksBuildPhase section */

/* Begin PBXGroup section */
		A7E2589C1CEC4D5600923235 = {
			isa = PBXGroup;
			children = (
				A7E258A71CEC4D5600923235 /* HokutosaiNewsUp2016 */,
				A7E258BC1CEC4D5600923235 /* HokutosaiNewsUp2016Tests */,
				A7E258C71CEC4D5600923235 /* HokutosaiNewsUp2016UITests */,
				A7E258A61CEC4D5600923235 /* Products */,
				B089A4A39F7F274BCDE990C6 /* Pods */,
				ED58FD933E2CBBCE87DD3FE3 /* Frameworks */,
			);
			sourceTree = "<group>";
		};
		A7E258A61CEC4D5600923235 /* Products */ = {
			isa = PBXGroup;
			children = (
				A7E258A51CEC4D5600923235 /* HokutosaiNewsUp2016.app */,
				A7E258B91CEC4D5600923235 /* HokutosaiNewsUp2016Tests.xctest */,
				A7E258C41CEC4D5600923235 /* HokutosaiNewsUp2016UITests.xctest */,
			);
			name = Products;
			sourceTree = "<group>";
		};
		A7E258A71CEC4D5600923235 /* HokutosaiNewsUp2016 */ = {
			isa = PBXGroup;
			children = (
				A7E258FF1CEDABAB00923235 /* Utility */,
				A7E258D91CED9F7400923235 /* REST */,
				A7E258D81CED9A2A00923235 /* View */,
				A7E258D71CED9A2400923235 /* Model */,
				A7E258D61CED9A0F00923235 /* Controller */,
				A7E258A81CEC4D5600923235 /* AppDelegate.swift */,
				A7E258AF1CEC4D5600923235 /* Assets.xcassets */,
				A7E258B11CEC4D5600923235 /* LaunchScreen.storyboard */,
				A7E258B41CEC4D5600923235 /* Info.plist */,
			);
			path = HokutosaiNewsUp2016;
			sourceTree = "<group>";
		};
		A7E258BC1CEC4D5600923235 /* HokutosaiNewsUp2016Tests */ = {
			isa = PBXGroup;
			children = (
				A7E258BD1CEC4D5600923235 /* HokutosaiNewsUp2016Tests.swift */,
				A7E258BF1CEC4D5600923235 /* Info.plist */,
			);
			path = HokutosaiNewsUp2016Tests;
			sourceTree = "<group>";
		};
		A7E258C71CEC4D5600923235 /* HokutosaiNewsUp2016UITests */ = {
			isa = PBXGroup;
			children = (
				A7E258C81CEC4D5600923235 /* HokutosaiNewsUp2016UITests.swift */,
				A7E258CA1CEC4D5600923235 /* Info.plist */,
			);
			path = HokutosaiNewsUp2016UITests;
			sourceTree = "<group>";
		};
		A7E258D61CED9A0F00923235 /* Controller */ = {
			isa = PBXGroup;
			children = (
			);
			name = Controller;
			sourceTree = "<group>";
		};
		A7E258D71CED9A2400923235 /* Model */ = {
			isa = PBXGroup;
			children = (
				A7E258F81CEDAB0400923235 /* Exhibitions */,
				A7E258F71CEDAAFD00923235 /* Shops */,
				A7E258F61CEDAAF300923235 /* Events */,
				A7E258F11CEDA99800923235 /* Medias */,
				A7E258EC1CEDA7B600923235 /* News */,
				A7E258E71CEDA3C300923235 /* HokutosaiApi */,
			);
			name = Model;
			sourceTree = "<group>";
		};
		A7E258D81CED9A2A00923235 /* View */ = {
			isa = PBXGroup;
			children = (
				A7E259021CEDACB000923235 /* TableViewCell */,
			);
			name = View;
			sourceTree = "<group>";
		};
		A7E258D91CED9F7400923235 /* REST */ = {
			isa = PBXGroup;
			children = (
				A7E258DD1CEDA0D700923235 /* Endpoint.swift */,
				A7E258DE1CEDA0D700923235 /* HttpResponse.swift */,
				A7E258DF1CEDA0D700923235 /* REST.swift */,
				A7E258DB1CEDA09000923235 /* NetworkResource.swift */,
				A7E258DA1CED9FA300923235 /* HokutosaiApi */,
			);
			name = REST;
			sourceTree = "<group>";
		};
		A7E258DA1CED9FA300923235 /* HokutosaiApi */ = {
			isa = PBXGroup;
			children = (
				A7E258E31CEDA2C600923235 /* HokutosaiApi.swift */,
				A7E258E41CEDA2C600923235 /* HokutosaiApiEndpoint.swift */,
			);
			name = HokutosaiApi;
			sourceTree = "<group>";
		};
		A7E258E71CEDA3C300923235 /* HokutosaiApi */ = {
			isa = PBXGroup;
			children = (
				A7E258E81CEDA40400923235 /* HokutosaiApiError.swift */,
				A7E258E91CEDA40400923235 /* HokutosaiApiStatus.swift */,
			);
			name = HokutosaiApi;
			sourceTree = "<group>";
		};
		A7E258EC1CEDA7B600923235 /* News */ = {
			isa = PBXGroup;
			children = (
				A7E258ED1CEDA7DB00923235 /* Article.swift */,
				A7E258EF1CEDA88E00923235 /* UploadingArticle.swift */,
			);
			name = News;
			sourceTree = "<group>";
		};
		A7E258F11CEDA99800923235 /* Medias */ = {
			isa = PBXGroup;
			children = (
				A7E258F41CEDA9CC00923235 /* Media.swift */,
			);
			name = Medias;
			sourceTree = "<group>";
		};
		A7E258F61CEDAAF300923235 /* Events */ = {
			isa = PBXGroup;
			children = (
				A7E258FD1CEDAB9100923235 /* EventItem.swift */,
			);
			name = Events;
			sourceTree = "<group>";
		};
		A7E258F71CEDAAFD00923235 /* Shops */ = {
			isa = PBXGroup;
			children = (
				A7E258FB1CEDAB7C00923235 /* ShopItem.swift */,
			);
			name = Shops;
			sourceTree = "<group>";
		};
		A7E258F81CEDAB0400923235 /* Exhibitions */ = {
			isa = PBXGroup;
			children = (
				A7E258F91CEDAB5E00923235 /* ExhibitionItem.swift */,
			);
			name = Exhibitions;
			sourceTree = "<group>";
		};
		A7E258FF1CEDABAB00923235 /* Utility */ = {
			isa = PBXGroup;
			children = (
				A7E259001CEDABDE00923235 /* HokutosaiDateTransform.swift */,
			);
			name = Utility;
			sourceTree = "<group>";
		};
		A7E259021CEDACB000923235 /* TableViewCell */ = {
			isa = PBXGroup;
			children = (
				A7E259031CEDAD2600923235 /* NewsTableViewCell.swift */,
				A7E259041CEDAD2600923235 /* NewsTableViewCellContent.xib */,
			);
			name = TableViewCell;
			sourceTree = "<group>";
		};
		B089A4A39F7F274BCDE990C6 /* Pods */ = {
			isa = PBXGroup;
			children = (
				CFCBFC3C91F5D23F7381CE62 /* Pods-HokutosaiNewsUp2016.debug.xcconfig */,
				CBB49291EBF31E2C570A7DCD /* Pods-HokutosaiNewsUp2016.release.xcconfig */,
			);
			name = Pods;
			sourceTree = "<group>";
		};
		ED58FD933E2CBBCE87DD3FE3 /* Frameworks */ = {
			isa = PBXGroup;
			children = (
				57477C83985456C469B8703B /* Pods_HokutosaiNewsUp2016.framework */,
			);
			name = Frameworks;
			sourceTree = "<group>";
		};
/* End PBXGroup section */

/* Begin PBXNativeTarget section */
		A7E258A41CEC4D5600923235 /* HokutosaiNewsUp2016 */ = {
			isa = PBXNativeTarget;
			buildConfigurationList = A7E258CD1CEC4D5600923235 /* Build configuration list for PBXNativeTarget "HokutosaiNewsUp2016" */;
			buildPhases = (
				48169A56207CAECD12426655 /* Check Pods Manifest.lock */,
				A7E258A11CEC4D5600923235 /* Sources */,
				A7E258A21CEC4D5600923235 /* Frameworks */,
				A7E258A31CEC4D5600923235 /* Resources */,
				37486E3457E0147EE91E3C00 /* Embed Pods Frameworks */,
				D6E8CEFAD56EA244E9137B95 /* Copy Pods Resources */,
			);
			buildRules = (
			);
			dependencies = (
			);
			name = HokutosaiNewsUp2016;
			productName = HokutosaiNewsUp2016;
			productReference = A7E258A51CEC4D5600923235 /* HokutosaiNewsUp2016.app */;
			productType = "com.apple.product-type.application";
		};
		A7E258B81CEC4D5600923235 /* HokutosaiNewsUp2016Tests */ = {
			isa = PBXNativeTarget;
			buildConfigurationList = A7E258D01CEC4D5600923235 /* Build configuration list for PBXNativeTarget "HokutosaiNewsUp2016Tests" */;
			buildPhases = (
				A7E258B51CEC4D5600923235 /* Sources */,
				A7E258B61CEC4D5600923235 /* Frameworks */,
				A7E258B71CEC4D5600923235 /* Resources */,
			);
			buildRules = (
			);
			dependencies = (
				A7E258BB1CEC4D5600923235 /* PBXTargetDependency */,
			);
			name = HokutosaiNewsUp2016Tests;
			productName = HokutosaiNewsUp2016Tests;
			productReference = A7E258B91CEC4D5600923235 /* HokutosaiNewsUp2016Tests.xctest */;
			productType = "com.apple.product-type.bundle.unit-test";
		};
		A7E258C31CEC4D5600923235 /* HokutosaiNewsUp2016UITests */ = {
			isa = PBXNativeTarget;
			buildConfigurationList = A7E258D31CEC4D5600923235 /* Build configuration list for PBXNativeTarget "HokutosaiNewsUp2016UITests" */;
			buildPhases = (
				A7E258C01CEC4D5600923235 /* Sources */,
				A7E258C11CEC4D5600923235 /* Frameworks */,
				A7E258C21CEC4D5600923235 /* Resources */,
			);
			buildRules = (
			);
			dependencies = (
				A7E258C61CEC4D5600923235 /* PBXTargetDependency */,
			);
			name = HokutosaiNewsUp2016UITests;
			productName = HokutosaiNewsUp2016UITests;
			productReference = A7E258C41CEC4D5600923235 /* HokutosaiNewsUp2016UITests.xctest */;
			productType = "com.apple.product-type.bundle.ui-testing";
		};
/* End PBXNativeTarget section */

/* Begin PBXProject section */
		A7E2589D1CEC4D5600923235 /* Project object */ = {
			isa = PBXProject;
			attributes = {
				LastSwiftUpdateCheck = 0730;
				LastUpgradeCheck = 0730;
				ORGANIZATIONNAME = "Shuka Takakuma";
				TargetAttributes = {
					A7E258A41CEC4D5600923235 = {
						CreatedOnToolsVersion = 7.3;
						DevelopmentTeam = UCX35CL26E;
					};
					A7E258B81CEC4D5600923235 = {
						CreatedOnToolsVersion = 7.3;
						TestTargetID = A7E258A41CEC4D5600923235;
					};
					A7E258C31CEC4D5600923235 = {
						CreatedOnToolsVersion = 7.3;
						TestTargetID = A7E258A41CEC4D5600923235;
					};
				};
			};
			buildConfigurationList = A7E258A01CEC4D5600923235 /* Build configuration list for PBXProject "HokutosaiNewsUp2016" */;
			compatibilityVersion = "Xcode 3.2";
			developmentRegion = English;
			hasScannedForEncodings = 0;
			knownRegions = (
				en,
				Base,
			);
			mainGroup = A7E2589C1CEC4D5600923235;
			productRefGroup = A7E258A61CEC4D5600923235 /* Products */;
			projectDirPath = "";
			projectRoot = "";
			targets = (
				A7E258A41CEC4D5600923235 /* HokutosaiNewsUp2016 */,
				A7E258B81CEC4D5600923235 /* HokutosaiNewsUp2016Tests */,
				A7E258C31CEC4D5600923235 /* HokutosaiNewsUp2016UITests */,
			);
		};
/* End PBXProject section */

/* Begin PBXResourcesBuildPhase section */
		A7E258A31CEC4D5600923235 /* Resources */ = {
			isa = PBXResourcesBuildPhase;
			buildActionMask = 2147483647;
			files = (
				A7E258B31CEC4D5600923235 /* LaunchScreen.storyboard in Resources */,
				A7E259061CEDAD2600923235 /* NewsTableViewCellContent.xib in Resources */,
				A7E258B01CEC4D5600923235 /* Assets.xcassets in Resources */,
			);
			runOnlyForDeploymentPostprocessing = 0;
		};
		A7E258B71CEC4D5600923235 /* Resources */ = {
			isa = PBXResourcesBuildPhase;
			buildActionMask = 2147483647;
			files = (
			);
			runOnlyForDeploymentPostprocessing = 0;
		};
		A7E258C21CEC4D5600923235 /* Resources */ = {
			isa = PBXResourcesBuildPhase;
			buildActionMask = 2147483647;
			files = (
			);
			runOnlyForDeploymentPostprocessing = 0;
		};
/* End PBXResourcesBuildPhase section */

/* Begin PBXShellScriptBuildPhase section */
		37486E3457E0147EE91E3C00 /* Embed Pods Frameworks */ = {
			isa = PBXShellScriptBuildPhase;
			buildActionMask = 2147483647;
			files = (
			);
			inputPaths = (
			);
			name = "Embed Pods Frameworks";
			outputPaths = (
			);
			runOnlyForDeploymentPostprocessing = 0;
			shellPath = /bin/sh;
			shellScript = "\"${SRCROOT}/Pods/Target Support Files/Pods-HokutosaiNewsUp2016/Pods-HokutosaiNewsUp2016-frameworks.sh\"\n";
			showEnvVarsInLog = 0;
		};
		48169A56207CAECD12426655 /* Check Pods Manifest.lock */ = {
			isa = PBXShellScriptBuildPhase;
			buildActionMask = 2147483647;
			files = (
			);
			inputPaths = (
			);
			name = "Check Pods Manifest.lock";
			outputPaths = (
			);
			runOnlyForDeploymentPostprocessing = 0;
			shellPath = /bin/sh;
			shellScript = "diff \"${PODS_ROOT}/../Podfile.lock\" \"${PODS_ROOT}/Manifest.lock\" > /dev/null\nif [[ $? != 0 ]] ; then\n    cat << EOM\nerror: The sandbox is not in sync with the Podfile.lock. Run 'pod install' or update your CocoaPods installation.\nEOM\n    exit 1\nfi\n";
			showEnvVarsInLog = 0;
		};
		D6E8CEFAD56EA244E9137B95 /* Copy Pods Resources */ = {
			isa = PBXShellScriptBuildPhase;
			buildActionMask = 2147483647;
			files = (
			);
			inputPaths = (
			);
			name = "Copy Pods Resources";
			outputPaths = (
			);
			runOnlyForDeploymentPostprocessing = 0;
			shellPath = /bin/sh;
			shellScript = "\"${SRCROOT}/Pods/Target Support Files/Pods-HokutosaiNewsUp2016/Pods-HokutosaiNewsUp2016-resources.sh\"\n";
			showEnvVarsInLog = 0;
		};
/* End PBXShellScriptBuildPhase section */

/* Begin PBXSourcesBuildPhase section */
		A7E258A11CEC4D5600923235 /* Sources */ = {
			isa = PBXSourcesBuildPhase;
			buildActionMask = 2147483647;
			files = (
				A7E258E11CEDA0D700923235 /* HttpResponse.swift in Sources */,
				A7E258FA1CEDAB5E00923235 /* ExhibitionItem.swift in Sources */,
				A7E258FE1CEDAB9100923235 /* EventItem.swift in Sources */,
				A7E258FC1CEDAB7C00923235 /* ShopItem.swift in Sources */,
				A7E258E51CEDA2C600923235 /* HokutosaiApi.swift in Sources */,
				A7E258F51CEDA9CC00923235 /* Media.swift in Sources */,
				A7E258E21CEDA0D700923235 /* REST.swift in Sources */,
				A7E258EA1CEDA40400923235 /* HokutosaiApiError.swift in Sources */,
				A7E259011CEDABDE00923235 /* HokutosaiDateTransform.swift in Sources */,
				A7E258EE1CEDA7DB00923235 /* Article.swift in Sources */,
				A7E258EB1CEDA40400923235 /* HokutosaiApiStatus.swift in Sources */,
				A7E258DC1CEDA09000923235 /* NetworkResource.swift in Sources */,
				A7E258F01CEDA88E00923235 /* UploadingArticle.swift in Sources */,
				A7E258E01CEDA0D700923235 /* Endpoint.swift in Sources */,
				A7E259051CEDAD2600923235 /* NewsTableViewCell.swift in Sources */,
				A7E258A91CEC4D5600923235 /* AppDelegate.swift in Sources */,
				A7E258E61CEDA2C600923235 /* HokutosaiApiEndpoint.swift in Sources */,
			);
			runOnlyForDeploymentPostprocessing = 0;
		};
		A7E258B51CEC4D5600923235 /* Sources */ = {
			isa = PBXSourcesBuildPhase;
			buildActionMask = 2147483647;
			files = (
				A7E258BE1CEC4D5600923235 /* HokutosaiNewsUp2016Tests.swift in Sources */,
			);
			runOnlyForDeploymentPostprocessing = 0;
		};
		A7E258C01CEC4D5600923235 /* Sources */ = {
			isa = PBXSourcesBuildPhase;
			buildActionMask = 2147483647;
			files = (
				A7E258C91CEC4D5600923235 /* HokutosaiNewsUp2016UITests.swift in Sources */,
			);
			runOnlyForDeploymentPostprocessing = 0;
		};
/* End PBXSourcesBuildPhase section */

/* Begin PBXTargetDependency section */
		A7E258BB1CEC4D5600923235 /* PBXTargetDependency */ = {
			isa = PBXTargetDependency;
			target = A7E258A41CEC4D5600923235 /* HokutosaiNewsUp2016 */;
			targetProxy = A7E258BA1CEC4D5600923235 /* PBXContainerItemProxy */;
		};
		A7E258C61CEC4D5600923235 /* PBXTargetDependency */ = {
			isa = PBXTargetDependency;
			target = A7E258A41CEC4D5600923235 /* HokutosaiNewsUp2016 */;
			targetProxy = A7E258C51CEC4D5600923235 /* PBXContainerItemProxy */;
		};
/* End PBXTargetDependency section */

/* Begin PBXVariantGroup section */
		A7E258B11CEC4D5600923235 /* LaunchScreen.storyboard */ = {
			isa = PBXVariantGroup;
			children = (
				A7E258B21CEC4D5600923235 /* Base */,
			);
			name = LaunchScreen.storyboard;
			sourceTree = "<group>";
		};
/* End PBXVariantGroup section */

/* Begin XCBuildConfiguration section */
		A7E258CB1CEC4D5600923235 /* Debug */ = {
			isa = XCBuildConfiguration;
			buildSettings = {
				ALWAYS_SEARCH_USER_PATHS = NO;
				CLANG_ANALYZER_NONNULL = YES;
				CLANG_CXX_LANGUAGE_STANDARD = "gnu++0x";
				CLANG_CXX_LIBRARY = "libc++";
				CLANG_ENABLE_MODULES = YES;
				CLANG_ENABLE_OBJC_ARC = YES;
				CLANG_WARN_BOOL_CONVERSION = YES;
				CLANG_WARN_CONSTANT_CONVERSION = YES;
				CLANG_WARN_DIRECT_OBJC_ISA_USAGE = YES_ERROR;
				CLANG_WARN_EMPTY_BODY = YES;
				CLANG_WARN_ENUM_CONVERSION = YES;
				CLANG_WARN_INT_CONVERSION = YES;
				CLANG_WARN_OBJC_ROOT_CLASS = YES_ERROR;
				CLANG_WARN_UNREACHABLE_CODE = YES;
				CLANG_WARN__DUPLICATE_METHOD_MATCH = YES;
				"CODE_SIGN_IDENTITY[sdk=iphoneos*]" = "iPhone Developer";
				COPY_PHASE_STRIP = NO;
				DEBUG_INFORMATION_FORMAT = dwarf;
				ENABLE_STRICT_OBJC_MSGSEND = YES;
				ENABLE_TESTABILITY = YES;
				GCC_C_LANGUAGE_STANDARD = gnu99;
				GCC_DYNAMIC_NO_PIC = NO;
				GCC_NO_COMMON_BLOCKS = YES;
				GCC_OPTIMIZATION_LEVEL = 0;
				GCC_PREPROCESSOR_DEFINITIONS = (
					"DEBUG=1",
					"$(inherited)",
				);
				GCC_WARN_64_TO_32_BIT_CONVERSION = YES;
				GCC_WARN_ABOUT_RETURN_TYPE = YES_ERROR;
				GCC_WARN_UNDECLARED_SELECTOR = YES;
				GCC_WARN_UNINITIALIZED_AUTOS = YES_AGGRESSIVE;
				GCC_WARN_UNUSED_FUNCTION = YES;
				GCC_WARN_UNUSED_VARIABLE = YES;
				IPHONEOS_DEPLOYMENT_TARGET = 9.3;
				MTL_ENABLE_DEBUG_INFO = YES;
				ONLY_ACTIVE_ARCH = YES;
				SDKROOT = iphoneos;
				SWIFT_OPTIMIZATION_LEVEL = "-Onone";
			};
			name = Debug;
		};
		A7E258CC1CEC4D5600923235 /* Release */ = {
			isa = XCBuildConfiguration;
			buildSettings = {
				ALWAYS_SEARCH_USER_PATHS = NO;
				CLANG_ANALYZER_NONNULL = YES;
				CLANG_CXX_LANGUAGE_STANDARD = "gnu++0x";
				CLANG_CXX_LIBRARY = "libc++";
				CLANG_ENABLE_MODULES = YES;
				CLANG_ENABLE_OBJC_ARC = YES;
				CLANG_WARN_BOOL_CONVERSION = YES;
				CLANG_WARN_CONSTANT_CONVERSION = YES;
				CLANG_WARN_DIRECT_OBJC_ISA_USAGE = YES_ERROR;
				CLANG_WARN_EMPTY_BODY = YES;
				CLANG_WARN_ENUM_CONVERSION = YES;
				CLANG_WARN_INT_CONVERSION = YES;
				CLANG_WARN_OBJC_ROOT_CLASS = YES_ERROR;
				CLANG_WARN_UNREACHABLE_CODE = YES;
				CLANG_WARN__DUPLICATE_METHOD_MATCH = YES;
				"CODE_SIGN_IDENTITY[sdk=iphoneos*]" = "iPhone Developer";
				COPY_PHASE_STRIP = NO;
				DEBUG_INFORMATION_FORMAT = "dwarf-with-dsym";
				ENABLE_NS_ASSERTIONS = NO;
				ENABLE_STRICT_OBJC_MSGSEND = YES;
				GCC_C_LANGUAGE_STANDARD = gnu99;
				GCC_NO_COMMON_BLOCKS = YES;
				GCC_WARN_64_TO_32_BIT_CONVERSION = YES;
				GCC_WARN_ABOUT_RETURN_TYPE = YES_ERROR;
				GCC_WARN_UNDECLARED_SELECTOR = YES;
				GCC_WARN_UNINITIALIZED_AUTOS = YES_AGGRESSIVE;
				GCC_WARN_UNUSED_FUNCTION = YES;
				GCC_WARN_UNUSED_VARIABLE = YES;
				IPHONEOS_DEPLOYMENT_TARGET = 9.3;
				MTL_ENABLE_DEBUG_INFO = NO;
				SDKROOT = iphoneos;
				VALIDATE_PRODUCT = YES;
			};
			name = Release;
		};
		A7E258CE1CEC4D5600923235 /* Debug */ = {
			isa = XCBuildConfiguration;
			baseConfigurationReference = CFCBFC3C91F5D23F7381CE62 /* Pods-HokutosaiNewsUp2016.debug.xcconfig */;
			buildSettings = {
				ASSETCATALOG_COMPILER_APPICON_NAME = AppIcon;
				CODE_SIGN_IDENTITY = "iPhone Developer";
				"CODE_SIGN_IDENTITY[sdk=iphoneos*]" = "iPhone Developer";
				INFOPLIST_FILE = HokutosaiNewsUp2016/Info.plist;
				IPHONEOS_DEPLOYMENT_TARGET = 9.0;
				LD_RUNPATH_SEARCH_PATHS = "$(inherited) @executable_path/Frameworks";
				PRODUCT_BUNDLE_IDENTIFIER = takakuma.shuka.HokutosaiNewsUp2016;
				PRODUCT_NAME = "$(TARGET_NAME)";
				PROVISIONING_PROFILE = "";
			};
			name = Debug;
		};
		A7E258CF1CEC4D5600923235 /* Release */ = {
			isa = XCBuildConfiguration;
			baseConfigurationReference = CBB49291EBF31E2C570A7DCD /* Pods-HokutosaiNewsUp2016.release.xcconfig */;
			buildSettings = {
				ASSETCATALOG_COMPILER_APPICON_NAME = AppIcon;
				CODE_SIGN_IDENTITY = "iPhone Developer";
				"CODE_SIGN_IDENTITY[sdk=iphoneos*]" = "iPhone Developer";
				INFOPLIST_FILE = HokutosaiNewsUp2016/Info.plist;
				IPHONEOS_DEPLOYMENT_TARGET = 9.0;
				LD_RUNPATH_SEARCH_PATHS = "$(inherited) @executable_path/Frameworks";
				PRODUCT_BUNDLE_IDENTIFIER = takakuma.shuka.HokutosaiNewsUp2016;
				PRODUCT_NAME = "$(TARGET_NAME)";
				PROVISIONING_PROFILE = "";
			};
			name = Release;
		};
		A7E258D11CEC4D5600923235 /* Debug */ = {
			isa = XCBuildConfiguration;
			buildSettings = {
				BUNDLE_LOADER = "$(TEST_HOST)";
				INFOPLIST_FILE = HokutosaiNewsUp2016Tests/Info.plist;
				LD_RUNPATH_SEARCH_PATHS = "$(inherited) @executable_path/Frameworks @loader_path/Frameworks";
				PRODUCT_BUNDLE_IDENTIFIER = takakuma.shuka.HokutosaiNewsUp2016Tests;
				PRODUCT_NAME = "$(TARGET_NAME)";
				TEST_HOST = "$(BUILT_PRODUCTS_DIR)/HokutosaiNewsUp2016.app/HokutosaiNewsUp2016";
			};
			name = Debug;
		};
		A7E258D21CEC4D5600923235 /* Release */ = {
			isa = XCBuildConfiguration;
			buildSettings = {
				BUNDLE_LOADER = "$(TEST_HOST)";
				INFOPLIST_FILE = HokutosaiNewsUp2016Tests/Info.plist;
				LD_RUNPATH_SEARCH_PATHS = "$(inherited) @executable_path/Frameworks @loader_path/Frameworks";
				PRODUCT_BUNDLE_IDENTIFIER = takakuma.shuka.HokutosaiNewsUp2016Tests;
				PRODUCT_NAME = "$(TARGET_NAME)";
				TEST_HOST = "$(BUILT_PRODUCTS_DIR)/HokutosaiNewsUp2016.app/HokutosaiNewsUp2016";
			};
			name = Release;
		};
		A7E258D41CEC4D5600923235 /* Debug */ = {
			isa = XCBuildConfiguration;
			buildSettings = {
				INFOPLIST_FILE = HokutosaiNewsUp2016UITests/Info.plist;
				LD_RUNPATH_SEARCH_PATHS = "$(inherited) @executable_path/Frameworks @loader_path/Frameworks";
				PRODUCT_BUNDLE_IDENTIFIER = takakuma.shuka.HokutosaiNewsUp2016UITests;
				PRODUCT_NAME = "$(TARGET_NAME)";
				TEST_TARGET_NAME = HokutosaiNewsUp2016;
			};
			name = Debug;
		};
		A7E258D51CEC4D5600923235 /* Release */ = {
			isa = XCBuildConfiguration;
			buildSettings = {
				INFOPLIST_FILE = HokutosaiNewsUp2016UITests/Info.plist;
				LD_RUNPATH_SEARCH_PATHS = "$(inherited) @executable_path/Frameworks @loader_path/Frameworks";
				PRODUCT_BUNDLE_IDENTIFIER = takakuma.shuka.HokutosaiNewsUp2016UITests;
				PRODUCT_NAME = "$(TARGET_NAME)";
				TEST_TARGET_NAME = HokutosaiNewsUp2016;
			};
			name = Release;
		};
/* End XCBuildConfiguration section */

/* Begin XCConfigurationList section */
		A7E258A01CEC4D5600923235 /* Build configuration list for PBXProject "HokutosaiNewsUp2016" */ = {
			isa = XCConfigurationList;
			buildConfigurations = (
				A7E258CB1CEC4D5600923235 /* Debug */,
				A7E258CC1CEC4D5600923235 /* Release */,
			);
			defaultConfigurationIsVisible = 0;
			defaultConfigurationName = Release;
		};
		A7E258CD1CEC4D5600923235 /* Build configuration list for PBXNativeTarget "HokutosaiNewsUp2016" */ = {
			isa = XCConfigurationList;
			buildConfigurations = (
				A7E258CE1CEC4D5600923235 /* Debug */,
				A7E258CF1CEC4D5600923235 /* Release */,
			);
			defaultConfigurationIsVisible = 0;
			defaultConfigurationName = Release;
		};
		A7E258D01CEC4D5600923235 /* Build configuration list for PBXNativeTarget "HokutosaiNewsUp2016Tests" */ = {
			isa = XCConfigurationList;
			buildConfigurations = (
				A7E258D11CEC4D5600923235 /* Debug */,
				A7E258D21CEC4D5600923235 /* Release */,
			);
			defaultConfigurationIsVisible = 0;
			defaultConfigurationName = Release;
		};
		A7E258D31CEC4D5600923235 /* Build configuration list for PBXNativeTarget "HokutosaiNewsUp2016UITests" */ = {
			isa = XCConfigurationList;
			buildConfigurations = (
				A7E258D41CEC4D5600923235 /* Debug */,
				A7E258D51CEC4D5600923235 /* Release */,
			);
			defaultConfigurationIsVisible = 0;
			defaultConfigurationName = Release;
		};
/* End XCConfigurationList section */
	};
	rootObject = A7E2589D1CEC4D5600923235 /* Project object */;
}
